
Microsoft Visual Studio Solution File, Format Version 12.00
# Visual Studio Version 17
VisualStudioVersion = 17.11.35303.130
MinimumVisualStudioVersion = 10.0.40219.1
Project("{FAE04EC0-301F-11D3-BF4B-00C04F79EFBC}") = "RomanNumerals", "RomanNumerals.csproj", "{A628F6A5-A7BB-491B-80DB-9E5392913C87}"
EndProject
Global
	GlobalSection(SolutionConfigurationPlatforms) = preSolution
		Debug|Any CPU = Debug|Any CPU
		Release|Any CPU = Release|Any CPU
	EndGlobalSection
	GlobalSection(ProjectConfigurationPlatforms) = postSolution
		{A628F6A5-A7BB-491B-80DB-9E5392913C87}.Debug|Any CPU.ActiveCfg = Debug|Any CPU
		{A628F6A5-A7BB-491B-80DB-9E5392913C87}.Debug|Any CPU.Build.0 = Debug|Any CPU
		{A628F6A5-A7BB-491B-80DB-9E5392913C87}.Release|Any CPU.ActiveCfg = Release|Any CPU
		{A628F6A5-A7BB-491B-80DB-9E5392913C87}.Release|Any CPU.Build.0 = Release|Any CPU
	EndGlobalSection
	GlobalSection(SolutionProperties) = preSolution
		HideSolutionNode = FALSE
	EndGlobalSection
	GlobalSection(ExtensibilityGlobals) = postSolution
		SolutionGuid = {AE197E21-DF73-4E54-804C-E62B4F84D6BA}
	EndGlobalSection
EndGlobal
